// !$*UTF8*$!
{
	archiveVersion = 1;
	classes = {
	};
	objectVersion = 46;
	objects = {

/* Begin PBXBuildFile section */
		A4C6C898197AD22F0065311C /* Foundation.framework in Frameworks */ = {isa = PBXBuildFile; fileRef = A4C6C897197AD22F0065311C /* Foundation.framework */; };
		A4C6C89A197AD22F0065311C /* CoreGraphics.framework in Frameworks */ = {isa = PBXBuildFile; fileRef = A4C6C899197AD22F0065311C /* CoreGraphics.framework */; };
		A4C6C89C197AD22F0065311C /* UIKit.framework in Frameworks */ = {isa = PBXBuildFile; fileRef = A4C6C89B197AD22F0065311C /* UIKit.framework */; };
		A4C6C8A2197AD22F0065311C /* InfoPlist.strings in Resources */ = {isa = PBXBuildFile; fileRef = A4C6C8A0197AD22F0065311C /* InfoPlist.strings */; };
		A4C6C8A4197AD22F0065311C /* main.m in Sources */ = {isa = PBXBuildFile; fileRef = A4C6C8A3197AD22F0065311C /* main.m */; };
		A4C6C8A8197AD22F0065311C /* AppDelegate.m in Sources */ = {isa = PBXBuildFile; fileRef = A4C6C8A7197AD22F0065311C /* AppDelegate.m */; };
		A4C6C8AA197AD22F0065311C /* Images.xcassets in Resources */ = {isa = PBXBuildFile; fileRef = A4C6C8A9197AD22F0065311C /* Images.xcassets */; };
		A4C6C8B1197AD22F0065311C /* XCTest.framework in Frameworks */ = {isa = PBXBuildFile; fileRef = A4C6C8B0197AD22F0065311C /* XCTest.framework */; };
		A4C6C8B2197AD22F0065311C /* Foundation.framework in Frameworks */ = {isa = PBXBuildFile; fileRef = A4C6C897197AD22F0065311C /* Foundation.framework */; };
		A4C6C8B3197AD22F0065311C /* UIKit.framework in Frameworks */ = {isa = PBXBuildFile; fileRef = A4C6C89B197AD22F0065311C /* UIKit.framework */; };
		A4C6C8BB197AD22F0065311C /* InfoPlist.strings in Resources */ = {isa = PBXBuildFile; fileRef = A4C6C8B9197AD22F0065311C /* InfoPlist.strings */; };
		A4C6C8BD197AD22F0065311C /* UniGuideTests.m in Sources */ = {isa = PBXBuildFile; fileRef = A4C6C8BC197AD22F0065311C /* UniGuideTests.m */; };
		A4C6C8C9197AD3630065311C /* MainMenuViewController.m in Sources */ = {isa = PBXBuildFile; fileRef = A4C6C8C7197AD3630065311C /* MainMenuViewController.m */; };
		A4C6C8CA197AD3630065311C /* MainMenuViewController.xib in Resources */ = {isa = PBXBuildFile; fileRef = A4C6C8C8197AD3630065311C /* MainMenuViewController.xib */; };
		A4C6C8CE197AD78F0065311C /* SearchViewController.m in Sources */ = {isa = PBXBuildFile; fileRef = A4C6C8CC197AD78F0065311C /* SearchViewController.m */; };
		A4C6C8CF197AD78F0065311C /* SearchViewController.xib in Resources */ = {isa = PBXBuildFile; fileRef = A4C6C8CD197AD78F0065311C /* SearchViewController.xib */; };
		A4C6C913197AF1400065311C /* SearchResultsTableViewController.m in Sources */ = {isa = PBXBuildFile; fileRef = A4C6C911197AF1400065311C /* SearchResultsTableViewController.m */; };
		A4C6C914197AF1400065311C /* SearchResultsTableViewController.xib in Resources */ = {isa = PBXBuildFile; fileRef = A4C6C912197AF1400065311C /* SearchResultsTableViewController.xib */; };
		A4C6C918197AF49A0065311C /* DiscoverViewController.m in Sources */ = {isa = PBXBuildFile; fileRef = A4C6C916197AF49A0065311C /* DiscoverViewController.m */; };
		A4C6C919197AF49A0065311C /* DiscoverViewController.xib in Resources */ = {isa = PBXBuildFile; fileRef = A4C6C917197AF49A0065311C /* DiscoverViewController.xib */; };
		A4C6C91D197AF6D80065311C /* CourseInfoCoursePageViewController.m in Sources */ = {isa = PBXBuildFile; fileRef = A4C6C91B197AF6D80065311C /* CourseInfoCoursePageViewController.m */; };
		A4C6C91E197AF6D80065311C /* CourseInfoCoursePageViewController.xib in Resources */ = {isa = PBXBuildFile; fileRef = A4C6C91C197AF6D80065311C /* CourseInfoCoursePageViewController.xib */; };
		A4C6C922197AF6E70065311C /* StudentSatisfactionCoursePageViewController.m in Sources */ = {isa = PBXBuildFile; fileRef = A4C6C920197AF6E70065311C /* StudentSatisfactionCoursePageViewController.m */; };
		A4C6C923197AF6E70065311C /* StudentSatisfactionCoursePageViewController.xib in Resources */ = {isa = PBXBuildFile; fileRef = A4C6C921197AF6E70065311C /* StudentSatisfactionCoursePageViewController.xib */; };
		A4C6C927197AF6F40065311C /* ReviewsCoursePageViewController.m in Sources */ = {isa = PBXBuildFile; fileRef = A4C6C925197AF6F40065311C /* ReviewsCoursePageViewController.m */; };
		A4C6C928197AF6F40065311C /* ReviewsCoursePageViewController.xib in Resources */ = {isa = PBXBuildFile; fileRef = A4C6C926197AF6F40065311C /* ReviewsCoursePageViewController.xib */; };
		A4C6C92C197AF7000065311C /* UniInfoCoursePageViewController.m in Sources */ = {isa = PBXBuildFile; fileRef = A4C6C92A197AF7000065311C /* UniInfoCoursePageViewController.m */; };
		A4C6C92D197AF7000065311C /* UniInfoCoursePageViewController.xib in Resources */ = {isa = PBXBuildFile; fileRef = A4C6C92B197AF7000065311C /* UniInfoCoursePageViewController.xib */; };
		A4C6C930197BC9CC0065311C /* Courses.m in Sources */ = {isa = PBXBuildFile; fileRef = A4C6C92F197BC9CC0065311C /* Courses.m */; };
		A4C6C934197BF7670065311C /* favouritesButton.png in Resources */ = {isa = PBXBuildFile; fileRef = A4C6C933197BF7670065311C /* favouritesButton.png */; };
		A4C6C936197BF8050065311C /* favouritesButtonSelected.png in Resources */ = {isa = PBXBuildFile; fileRef = A4C6C935197BF8050065311C /* favouritesButtonSelected.png */; };
		A4C6C944197BF8C80065311C /* ContactUniversityPageViewController.m in Sources */ = {isa = PBXBuildFile; fileRef = A4C6C942197BF8C80065311C /* ContactUniversityPageViewController.m */; };
		A4C6C945197BF8C80065311C /* ContactUniversityPageViewController.xib in Resources */ = {isa = PBXBuildFile; fileRef = A4C6C943197BF8C80065311C /* ContactUniversityPageViewController.xib */; };
		A4C6C949197C64890065311C /* FavouritesTableViewController.m in Sources */ = {isa = PBXBuildFile; fileRef = A4C6C947197C64890065311C /* FavouritesTableViewController.m */; };
		A4C6C94A197C64890065311C /* FavouritesTableViewController.xib in Resources */ = {isa = PBXBuildFile; fileRef = A4C6C948197C64890065311C /* FavouritesTableViewController.xib */; };
		A4C6C957197C74610065311C /* OpenDays.m in Sources */ = {isa = PBXBuildFile; fileRef = A4C6C956197C74610065311C /* OpenDays.m */; };
		EF5533291981508B00120FEA /* SortFilterViewController.m in Sources */ = {isa = PBXBuildFile; fileRef = EF5533271981508B00120FEA /* SortFilterViewController.m */; };
		EF55332A1981508B00120FEA /* SortFilterViewController.xib in Resources */ = {isa = PBXBuildFile; fileRef = EF5533281981508B00120FEA /* SortFilterViewController.xib */; };
		EF55332F198150C400120FEA /* FilterTableViewController.m in Sources */ = {isa = PBXBuildFile; fileRef = EF55332D198150C300120FEA /* FilterTableViewController.m */; };
		EF553330198150C400120FEA /* FilterTableViewController.xib in Resources */ = {isa = PBXBuildFile; fileRef = EF55332E198150C300120FEA /* FilterTableViewController.xib */; };
		EF5533771981AA0D00120FEA /* checked_checkbox.png in Resources */ = {isa = PBXBuildFile; fileRef = EF5533761981AA0D00120FEA /* checked_checkbox.png */; };
		EF5533791981AA1400120FEA /* unchecked_checkbox.png in Resources */ = {isa = PBXBuildFile; fileRef = EF5533781981AA1400120FEA /* unchecked_checkbox.png */; };
		EF5533821983BA1100120FEA /* UniversitiesTableViewController.m in Sources */ = {isa = PBXBuildFile; fileRef = EF5533801983BA1000120FEA /* UniversitiesTableViewController.m */; };
		EF5533831983BA1100120FEA /* UniversitiesTableViewController.xib in Resources */ = {isa = PBXBuildFile; fileRef = EF5533811983BA1100120FEA /* UniversitiesTableViewController.xib */; };
		EF66F5CB1988F0890048A82E /* AppIcon29x29.png in Resources */ = {isa = PBXBuildFile; fileRef = EF66F5C51988F0890048A82E /* AppIcon29x29.png */; };
		EF66F5CC1988F0890048A82E /* AppIcon29x29@2x.png in Resources */ = {isa = PBXBuildFile; fileRef = EF66F5C61988F0890048A82E /* AppIcon29x29@2x.png */; };
		EF66F5CD1988F0890048A82E /* AppIcon40x40.png in Resources */ = {isa = PBXBuildFile; fileRef = EF66F5C71988F0890048A82E /* AppIcon40x40.png */; };
		EF66F5CE1988F0890048A82E /* AppIcon40x40@2x.png in Resources */ = {isa = PBXBuildFile; fileRef = EF66F5C81988F0890048A82E /* AppIcon40x40@2x.png */; };
		EF66F5CF1988F0890048A82E /* AppIcon50x50.png in Resources */ = {isa = PBXBuildFile; fileRef = EF66F5C91988F0890048A82E /* AppIcon50x50.png */; };
		EF66F5D01988F0890048A82E /* AppIcon50x50@2x.png in Resources */ = {isa = PBXBuildFile; fileRef = EF66F5CA1988F0890048A82E /* AppIcon50x50@2x.png */; };
		EF66F5D51988F0DF0048A82E /* AppIcon57x57.png in Resources */ = {isa = PBXBuildFile; fileRef = EF66F5D11988F0DF0048A82E /* AppIcon57x57.png */; };
		EF66F5D61988F0DF0048A82E /* AppIcon57x57@2x.png in Resources */ = {isa = PBXBuildFile; fileRef = EF66F5D21988F0DF0048A82E /* AppIcon57x57@2x.png */; };
		EF66F5D71988F0DF0048A82E /* AppIcon60x60.png in Resources */ = {isa = PBXBuildFile; fileRef = EF66F5D31988F0DF0048A82E /* AppIcon60x60.png */; };
		EF66F5D81988F0DF0048A82E /* AppIcon60x60@2x.png in Resources */ = {isa = PBXBuildFile; fileRef = EF66F5D41988F0DF0048A82E /* AppIcon60x60@2x.png */; };
		EF66F5DF1988F0E80048A82E /* AppIcon72x72.png in Resources */ = {isa = PBXBuildFile; fileRef = EF66F5D91988F0E70048A82E /* AppIcon72x72.png */; };
		EF66F5E01988F0E80048A82E /* AppIcon72x72@2x.png in Resources */ = {isa = PBXBuildFile; fileRef = EF66F5DA1988F0E70048A82E /* AppIcon72x72@2x.png */; };
		EF66F5E11988F0E80048A82E /* AppIcon76x76.png in Resources */ = {isa = PBXBuildFile; fileRef = EF66F5DB1988F0E70048A82E /* AppIcon76x76.png */; };
		EF66F5E21988F0E80048A82E /* AppIcon76x76@2x.png in Resources */ = {isa = PBXBuildFile; fileRef = EF66F5DC1988F0E70048A82E /* AppIcon76x76@2x.png */; };
		EF66F5E31988F0E80048A82E /* iTunesArtwork.png in Resources */ = {isa = PBXBuildFile; fileRef = EF66F5DD1988F0E80048A82E /* iTunesArtwork.png */; };
		EF66F5E41988F0E80048A82E /* iTunesArtwork@2x.png in Resources */ = {isa = PBXBuildFile; fileRef = EF66F5DE1988F0E80048A82E /* iTunesArtwork@2x.png */; };
		EF66F5E61988F1A10048A82E /* Default.png in Resources */ = {isa = PBXBuildFile; fileRef = EF66F5E51988F1A10048A82E /* Default.png */; };
		EF66F5E819891A8B0048A82E /* ui-14.png in Resources */ = {isa = PBXBuildFile; fileRef = EF66F5E719891A8B0048A82E /* ui-14.png */; };
		EF7F6F0B197E82C90009DB60 /* Favorites@2x.png in Resources */ = {isa = PBXBuildFile; fileRef = EF7F6F0A197E82C90009DB60 /* Favorites@2x.png */; };
		EF7F6F0D197E82D20009DB60 /* Happy_Face@2x.png in Resources */ = {isa = PBXBuildFile; fileRef = EF7F6F0C197E82D20009DB60 /* Happy_Face@2x.png */; };
		EF7F6F0F197E82F90009DB60 /* Top_Charts@2x.png in Resources */ = {isa = PBXBuildFile; fileRef = EF7F6F0E197E82F90009DB60 /* Top_Charts@2x.png */; };
		EF7F6F27197E87EA0009DB60 /* city_hall-32.png in Resources */ = {isa = PBXBuildFile; fileRef = EF7F6F26197E87EA0009DB60 /* city_hall-32.png */; };
		EF7F6F29197E880E0009DB60 /* info-32.png in Resources */ = {isa = PBXBuildFile; fileRef = EF7F6F28197E880E0009DB60 /* info-32.png */; };
		EF7F6F2B197E886F0009DB60 /* student2-32.png in Resources */ = {isa = PBXBuildFile; fileRef = EF7F6F2A197E886F0009DB60 /* student2-32.png */; };
		EF7F6F2D197E887C0009DB60 /* talk-32.png in Resources */ = {isa = PBXBuildFile; fileRef = EF7F6F2C197E887C0009DB60 /* talk-32.png */; };
		EF7F6F3B197EAF510009DB60 /* UniGuideLogo.png in Resources */ = {isa = PBXBuildFile; fileRef = EF7F6F3A197EAF510009DB60 /* UniGuideLogo.png */; };
		EF7F6F44197EB7130009DB60 /* RightPanelViewController.m in Sources */ = {isa = PBXBuildFile; fileRef = EF7F6F42197EB7130009DB60 /* RightPanelViewController.m */; };
		EF7F6F45197EB7130009DB60 /* RightPanelViewController.xib in Resources */ = {isa = PBXBuildFile; fileRef = EF7F6F43197EB7130009DB60 /* RightPanelViewController.xib */; };
		EF7F6F51197EEA690009DB60 /* OpenDaysTableViewController.m in Sources */ = {isa = PBXBuildFile; fileRef = EF7F6F4F197EEA690009DB60 /* OpenDaysTableViewController.m */; };
		EF7F6F52197EEA690009DB60 /* OpenDaysTableViewController.xib in Resources */ = {isa = PBXBuildFile; fileRef = EF7F6F50197EEA690009DB60 /* OpenDaysTableViewController.xib */; };
		EF7F6F55197FA9340009DB60 /* University.m in Sources */ = {isa = PBXBuildFile; fileRef = EF7F6F54197FA9340009DB60 /* University.m */; };
		EF7F6F64197FECF70009DB60 /* OpenDaysUniversityPageTableViewController.m in Sources */ = {isa = PBXBuildFile; fileRef = EF7F6F62197FECF70009DB60 /* OpenDaysUniversityPageTableViewController.m */; };
		EF7F6F65197FECF70009DB60 /* OpenDaysUniversityPageTableViewController.xib in Resources */ = {isa = PBXBuildFile; fileRef = EF7F6F63197FECF70009DB60 /* OpenDaysUniversityPageTableViewController.xib */; };
		EF7F6F67197FF0C90009DB60 /* electric_megaphone-32.png in Resources */ = {isa = PBXBuildFile; fileRef = EF7F6F66197FF0C90009DB60 /* electric_megaphone-32.png */; };
		EF7F6F69197FF0E30009DB60 /* idea-32.png in Resources */ = {isa = PBXBuildFile; fileRef = EF7F6F68197FF0E30009DB60 /* idea-32.png */; };
		EF7F6F6B197FF2500009DB60 /* directions-32.png in Resources */ = {isa = PBXBuildFile; fileRef = EF7F6F6A197FF2500009DB60 /* directions-32.png */; };
		EF7F6F6F197FF2EC0009DB60 /* today-32.png in Resources */ = {isa = PBXBuildFile; fileRef = EF7F6F6D197FF2EC0009DB60 /* today-32.png */; };
		EF7F6F71197FF45A0009DB60 /* courses-32.png in Resources */ = {isa = PBXBuildFile; fileRef = EF7F6F70197FF45A0009DB60 /* courses-32.png */; };
		EF7F6F73197FF4E10009DB60 /* calendar-32.png in Resources */ = {isa = PBXBuildFile; fileRef = EF7F6F72197FF4E10009DB60 /* calendar-32.png */; };
		EF7F6F8119804D810009DB60 /* AddReviewViewController.m in Sources */ = {isa = PBXBuildFile; fileRef = EF7F6F7F19804D810009DB60 /* AddReviewViewController.m */; };
		EF7F6F8219804D810009DB60 /* AddReviewViewController.xib in Resources */ = {isa = PBXBuildFile; fileRef = EF7F6F8019804D810009DB60 /* AddReviewViewController.xib */; };
		EF7F6F8619804D940009DB60 /* ReviewComplaintViewController.m in Sources */ = {isa = PBXBuildFile; fileRef = EF7F6F8419804D940009DB60 /* ReviewComplaintViewController.m */; };
		EF7F6F8719804D940009DB60 /* ReviewComplaintViewController.xib in Resources */ = {isa = PBXBuildFile; fileRef = EF7F6F8519804D940009DB60 /* ReviewComplaintViewController.xib */; };
		EF7F6F8C198063570009DB60 /* SpecificOpenDayViewController.m in Sources */ = {isa = PBXBuildFile; fileRef = EF7F6F8A198063570009DB60 /* SpecificOpenDayViewController.m */; };
		EF7F6F8D198063570009DB60 /* SpecificOpenDayViewController.xib in Resources */ = {isa = PBXBuildFile; fileRef = EF7F6F8B198063570009DB60 /* SpecificOpenDayViewController.xib */; };
		EF7F6F8F1980F9D20009DB60 /* Parse.framework in Frameworks */ = {isa = PBXBuildFile; fileRef = EF7F6F8E1980F9D20009DB60 /* Parse.framework */; };
		EF7F6F991980FA200009DB60 /* AudioToolbox.framework in Frameworks */ = {isa = PBXBuildFile; fileRef = EF7F6F901980FA200009DB60 /* AudioToolbox.framework */; };
		EF7F6F9A1980FA200009DB60 /* CFNetwork.framework in Frameworks */ = {isa = PBXBuildFile; fileRef = EF7F6F911980FA200009DB60 /* CFNetwork.framework */; };
		EF7F6F9B1980FA200009DB60 /* CoreLocation.framework in Frameworks */ = {isa = PBXBuildFile; fileRef = EF7F6F921980FA200009DB60 /* CoreLocation.framework */; };
		EF7F6F9C1980FA200009DB60 /* libz.dylib in Frameworks */ = {isa = PBXBuildFile; fileRef = EF7F6F931980FA200009DB60 /* libz.dylib */; };
		EF7F6F9D1980FA200009DB60 /* MobileCoreServices.framework in Frameworks */ = {isa = PBXBuildFile; fileRef = EF7F6F941980FA200009DB60 /* MobileCoreServices.framework */; };
		EF7F6F9E1980FA200009DB60 /* QuartzCore.framework in Frameworks */ = {isa = PBXBuildFile; fileRef = EF7F6F951980FA200009DB60 /* QuartzCore.framework */; };
		EF7F6F9F1980FA200009DB60 /* Security.framework in Frameworks */ = {isa = PBXBuildFile; fileRef = EF7F6F961980FA200009DB60 /* Security.framework */; };
		EF7F6FA01980FA200009DB60 /* StoreKit.framework in Frameworks */ = {isa = PBXBuildFile; fileRef = EF7F6F971980FA200009DB60 /* StoreKit.framework */; };
		EF7F6FA11980FA200009DB60 /* SystemConfiguration.framework in Frameworks */ = {isa = PBXBuildFile; fileRef = EF7F6F981980FA200009DB60 /* SystemConfiguration.framework */; };
		EF8B1161198811BB0011D746 /* MapKit.framework in Frameworks */ = {isa = PBXBuildFile; fileRef = EF8B1160198811BB0011D746 /* MapKit.framework */; };
		EFF5C0681987905A00E87159 /* CourseListTableViewController.m in Sources */ = {isa = PBXBuildFile; fileRef = EFF5C0661987905A00E87159 /* CourseListTableViewController.m */; };
		EFF5C0691987905A00E87159 /* CourseListTableViewController.xib in Resources */ = {isa = PBXBuildFile; fileRef = EFF5C0671987905A00E87159 /* CourseListTableViewController.xib */; };
/* End PBXBuildFile section */

/* Begin PBXContainerItemProxy section */
		A4C6C8B4197AD22F0065311C /* PBXContainerItemProxy */ = {
			isa = PBXContainerItemProxy;
			containerPortal = A4C6C88C197AD22F0065311C /* Project object */;
			proxyType = 1;
			remoteGlobalIDString = A4C6C893197AD22F0065311C;
			remoteInfo = UniGuide;
		};
/* End PBXContainerItemProxy section */

/* Begin PBXFileReference section */
		A4C6C894197AD22F0065311C /* UniGuide.app */ = {isa = PBXFileReference; explicitFileType = wrapper.application; includeInIndex = 0; path = UniGuide.app; sourceTree = BUILT_PRODUCTS_DIR; };
		A4C6C897197AD22F0065311C /* Foundation.framework */ = {isa = PBXFileReference; lastKnownFileType = wrapper.framework; name = Foundation.framework; path = System/Library/Frameworks/Foundation.framework; sourceTree = SDKROOT; };
		A4C6C899197AD22F0065311C /* CoreGraphics.framework */ = {isa = PBXFileReference; lastKnownFileType = wrapper.framework; name = CoreGraphics.framework; path = System/Library/Frameworks/CoreGraphics.framework; sourceTree = SDKROOT; };
		A4C6C89B197AD22F0065311C /* UIKit.framework */ = {isa = PBXFileReference; lastKnownFileType = wrapper.framework; name = UIKit.framework; path = System/Library/Frameworks/UIKit.framework; sourceTree = SDKROOT; };
		A4C6C89F197AD22F0065311C /* UniGuide-Info.plist */ = {isa = PBXFileReference; lastKnownFileType = text.plist.xml; path = "UniGuide-Info.plist"; sourceTree = "<group>"; };
		A4C6C8A1197AD22F0065311C /* en */ = {isa = PBXFileReference; lastKnownFileType = text.plist.strings; name = en; path = en.lproj/InfoPlist.strings; sourceTree = "<group>"; };
		A4C6C8A3197AD22F0065311C /* main.m */ = {isa = PBXFileReference; lastKnownFileType = sourcecode.c.objc; path = main.m; sourceTree = "<group>"; };
		A4C6C8A5197AD22F0065311C /* UniGuide-Prefix.pch */ = {isa = PBXFileReference; lastKnownFileType = sourcecode.c.h; path = "UniGuide-Prefix.pch"; sourceTree = "<group>"; };
		A4C6C8A6197AD22F0065311C /* AppDelegate.h */ = {isa = PBXFileReference; lastKnownFileType = sourcecode.c.h; path = AppDelegate.h; sourceTree = "<group>"; };
		A4C6C8A7197AD22F0065311C /* AppDelegate.m */ = {isa = PBXFileReference; lastKnownFileType = sourcecode.c.objc; path = AppDelegate.m; sourceTree = "<group>"; };
		A4C6C8A9197AD22F0065311C /* Images.xcassets */ = {isa = PBXFileReference; lastKnownFileType = folder.assetcatalog; path = Images.xcassets; sourceTree = "<group>"; };
		A4C6C8AF197AD22F0065311C /* UniGuideTests.xctest */ = {isa = PBXFileReference; explicitFileType = wrapper.cfbundle; includeInIndex = 0; path = UniGuideTests.xctest; sourceTree = BUILT_PRODUCTS_DIR; };
		A4C6C8B0197AD22F0065311C /* XCTest.framework */ = {isa = PBXFileReference; lastKnownFileType = wrapper.framework; name = XCTest.framework; path = Library/Frameworks/XCTest.framework; sourceTree = DEVELOPER_DIR; };
		A4C6C8B8197AD22F0065311C /* UniGuideTests-Info.plist */ = {isa = PBXFileReference; lastKnownFileType = text.plist.xml; path = "UniGuideTests-Info.plist"; sourceTree = "<group>"; };
		A4C6C8BA197AD22F0065311C /* en */ = {isa = PBXFileReference; lastKnownFileType = text.plist.strings; name = en; path = en.lproj/InfoPlist.strings; sourceTree = "<group>"; };
		A4C6C8BC197AD22F0065311C /* UniGuideTests.m */ = {isa = PBXFileReference; lastKnownFileType = sourcecode.c.objc; path = UniGuideTests.m; sourceTree = "<group>"; };
		A4C6C8C6197AD3630065311C /* MainMenuViewController.h */ = {isa = PBXFileReference; fileEncoding = 4; lastKnownFileType = sourcecode.c.h; path = MainMenuViewController.h; sourceTree = "<group>"; };
		A4C6C8C7197AD3630065311C /* MainMenuViewController.m */ = {isa = PBXFileReference; fileEncoding = 4; lastKnownFileType = sourcecode.c.objc; path = MainMenuViewController.m; sourceTree = "<group>"; };
		A4C6C8C8197AD3630065311C /* MainMenuViewController.xib */ = {isa = PBXFileReference; fileEncoding = 4; lastKnownFileType = file.xib; path = MainMenuViewController.xib; sourceTree = "<group>"; };
		A4C6C8CB197AD78F0065311C /* SearchViewController.h */ = {isa = PBXFileReference; fileEncoding = 4; lastKnownFileType = sourcecode.c.h; path = SearchViewController.h; sourceTree = "<group>"; };
		A4C6C8CC197AD78F0065311C /* SearchViewController.m */ = {isa = PBXFileReference; fileEncoding = 4; lastKnownFileType = sourcecode.c.objc; path = SearchViewController.m; sourceTree = "<group>"; };
		A4C6C8CD197AD78F0065311C /* SearchViewController.xib */ = {isa = PBXFileReference; fileEncoding = 4; lastKnownFileType = file.xib; path = SearchViewController.xib; sourceTree = "<group>"; };
		A4C6C910197AF1400065311C /* SearchResultsTableViewController.h */ = {isa = PBXFileReference; fileEncoding = 4; lastKnownFileType = sourcecode.c.h; path = SearchResultsTableViewController.h; sourceTree = "<group>"; };
		A4C6C911197AF1400065311C /* SearchResultsTableViewController.m */ = {isa = PBXFileReference; fileEncoding = 4; lastKnownFileType = sourcecode.c.objc; path = SearchResultsTableViewController.m; sourceTree = "<group>"; };
		A4C6C912197AF1400065311C /* SearchResultsTableViewController.xib */ = {isa = PBXFileReference; fileEncoding = 4; lastKnownFileType = file.xib; path = SearchResultsTableViewController.xib; sourceTree = "<group>"; };
		A4C6C915197AF49A0065311C /* DiscoverViewController.h */ = {isa = PBXFileReference; fileEncoding = 4; lastKnownFileType = sourcecode.c.h; path = DiscoverViewController.h; sourceTree = "<group>"; };
		A4C6C916197AF49A0065311C /* DiscoverViewController.m */ = {isa = PBXFileReference; fileEncoding = 4; lastKnownFileType = sourcecode.c.objc; path = DiscoverViewController.m; sourceTree = "<group>"; };
		A4C6C917197AF49A0065311C /* DiscoverViewController.xib */ = {isa = PBXFileReference; fileEncoding = 4; lastKnownFileType = file.xib; path = DiscoverViewController.xib; sourceTree = "<group>"; };
		A4C6C91A197AF6D80065311C /* CourseInfoCoursePageViewController.h */ = {isa = PBXFileReference; fileEncoding = 4; lastKnownFileType = sourcecode.c.h; path = CourseInfoCoursePageViewController.h; sourceTree = "<group>"; };
		A4C6C91B197AF6D80065311C /* CourseInfoCoursePageViewController.m */ = {isa = PBXFileReference; fileEncoding = 4; lastKnownFileType = sourcecode.c.objc; path = CourseInfoCoursePageViewController.m; sourceTree = "<group>"; };
		A4C6C91C197AF6D80065311C /* CourseInfoCoursePageViewController.xib */ = {isa = PBXFileReference; fileEncoding = 4; lastKnownFileType = file.xib; path = CourseInfoCoursePageViewController.xib; sourceTree = "<group>"; };
		A4C6C91F197AF6E70065311C /* StudentSatisfactionCoursePageViewController.h */ = {isa = PBXFileReference; fileEncoding = 4; lastKnownFileType = sourcecode.c.h; path = StudentSatisfactionCoursePageViewController.h; sourceTree = "<group>"; };
		A4C6C920197AF6E70065311C /* StudentSatisfactionCoursePageViewController.m */ = {isa = PBXFileReference; fileEncoding = 4; lastKnownFileType = sourcecode.c.objc; path = StudentSatisfactionCoursePageViewController.m; sourceTree = "<group>"; };
		A4C6C921197AF6E70065311C /* StudentSatisfactionCoursePageViewController.xib */ = {isa = PBXFileReference; fileEncoding = 4; lastKnownFileType = file.xib; path = StudentSatisfactionCoursePageViewController.xib; sourceTree = "<group>"; };
		A4C6C924197AF6F40065311C /* ReviewsCoursePageViewController.h */ = {isa = PBXFileReference; fileEncoding = 4; lastKnownFileType = sourcecode.c.h; path = ReviewsCoursePageViewController.h; sourceTree = "<group>"; };
		A4C6C925197AF6F40065311C /* ReviewsCoursePageViewController.m */ = {isa = PBXFileReference; fileEncoding = 4; lastKnownFileType = sourcecode.c.objc; path = ReviewsCoursePageViewController.m; sourceTree = "<group>"; };
		A4C6C926197AF6F40065311C /* ReviewsCoursePageViewController.xib */ = {isa = PBXFileReference; fileEncoding = 4; lastKnownFileType = file.xib; path = ReviewsCoursePageViewController.xib; sourceTree = "<group>"; };
		A4C6C929197AF7000065311C /* UniInfoCoursePageViewController.h */ = {isa = PBXFileReference; fileEncoding = 4; lastKnownFileType = sourcecode.c.h; path = UniInfoCoursePageViewController.h; sourceTree = "<group>"; };
		A4C6C92A197AF7000065311C /* UniInfoCoursePageViewController.m */ = {isa = PBXFileReference; fileEncoding = 4; lastKnownFileType = sourcecode.c.objc; path = UniInfoCoursePageViewController.m; sourceTree = "<group>"; };
		A4C6C92B197AF7000065311C /* UniInfoCoursePageViewController.xib */ = {isa = PBXFileReference; fileEncoding = 4; lastKnownFileType = file.xib; path = UniInfoCoursePageViewController.xib; sourceTree = "<group>"; };
		A4C6C92E197BC9CC0065311C /* Courses.h */ = {isa = PBXFileReference; fileEncoding = 4; lastKnownFileType = sourcecode.c.h; path = Courses.h; sourceTree = "<group>"; };
		A4C6C92F197BC9CC0065311C /* Courses.m */ = {isa = PBXFileReference; fileEncoding = 4; lastKnownFileType = sourcecode.c.objc; path = Courses.m; sourceTree = "<group>"; };
		A4C6C933197BF7670065311C /* favouritesButton.png */ = {isa = PBXFileReference; lastKnownFileType = image.png; path = favouritesButton.png; sourceTree = "<group>"; };
		A4C6C935197BF8050065311C /* favouritesButtonSelected.png */ = {isa = PBXFileReference; lastKnownFileType = image.png; path = favouritesButtonSelected.png; sourceTree = "<group>"; };
		A4C6C941197BF8C80065311C /* ContactUniversityPageViewController.h */ = {isa = PBXFileReference; fileEncoding = 4; lastKnownFileType = sourcecode.c.h; path = ContactUniversityPageViewController.h; sourceTree = "<group>"; };
		A4C6C942197BF8C80065311C /* ContactUniversityPageViewController.m */ = {isa = PBXFileReference; fileEncoding = 4; lastKnownFileType = sourcecode.c.objc; path = ContactUniversityPageViewController.m; sourceTree = "<group>"; };
		A4C6C943197BF8C80065311C /* ContactUniversityPageViewController.xib */ = {isa = PBXFileReference; fileEncoding = 4; lastKnownFileType = file.xib; path = ContactUniversityPageViewController.xib; sourceTree = "<group>"; };
		A4C6C946197C64890065311C /* FavouritesTableViewController.h */ = {isa = PBXFileReference; fileEncoding = 4; lastKnownFileType = sourcecode.c.h; path = FavouritesTableViewController.h; sourceTree = "<group>"; };
		A4C6C947197C64890065311C /* FavouritesTableViewController.m */ = {isa = PBXFileReference; fileEncoding = 4; lastKnownFileType = sourcecode.c.objc; path = FavouritesTableViewController.m; sourceTree = "<group>"; };
		A4C6C948197C64890065311C /* FavouritesTableViewController.xib */ = {isa = PBXFileReference; fileEncoding = 4; lastKnownFileType = file.xib; path = FavouritesTableViewController.xib; sourceTree = "<group>"; };
		A4C6C955197C74610065311C /* OpenDays.h */ = {isa = PBXFileReference; fileEncoding = 4; lastKnownFileType = sourcecode.c.h; path = OpenDays.h; sourceTree = "<group>"; };
		A4C6C956197C74610065311C /* OpenDays.m */ = {isa = PBXFileReference; fileEncoding = 4; lastKnownFileType = sourcecode.c.objc; path = OpenDays.m; sourceTree = "<group>"; };
		EF5533261981508B00120FEA /* SortFilterViewController.h */ = {isa = PBXFileReference; fileEncoding = 4; lastKnownFileType = sourcecode.c.h; path = SortFilterViewController.h; sourceTree = "<group>"; };
		EF5533271981508B00120FEA /* SortFilterViewController.m */ = {isa = PBXFileReference; fileEncoding = 4; lastKnownFileType = sourcecode.c.objc; path = SortFilterViewController.m; sourceTree = "<group>"; };
		EF5533281981508B00120FEA /* SortFilterViewController.xib */ = {isa = PBXFileReference; fileEncoding = 4; lastKnownFileType = file.xib; path = SortFilterViewController.xib; sourceTree = "<group>"; };
		EF55332C198150C300120FEA /* FilterTableViewController.h */ = {isa = PBXFileReference; fileEncoding = 4; lastKnownFileType = sourcecode.c.h; path = FilterTableViewController.h; sourceTree = "<group>"; };
		EF55332D198150C300120FEA /* FilterTableViewController.m */ = {isa = PBXFileReference; fileEncoding = 4; lastKnownFileType = sourcecode.c.objc; path = FilterTableViewController.m; sourceTree = "<group>"; };
		EF55332E198150C300120FEA /* FilterTableViewController.xib */ = {isa = PBXFileReference; fileEncoding = 4; lastKnownFileType = file.xib; path = FilterTableViewController.xib; sourceTree = "<group>"; };
		EF5533761981AA0D00120FEA /* checked_checkbox.png */ = {isa = PBXFileReference; lastKnownFileType = image.png; path = checked_checkbox.png; sourceTree = "<group>"; };
		EF5533781981AA1400120FEA /* unchecked_checkbox.png */ = {isa = PBXFileReference; lastKnownFileType = image.png; path = unchecked_checkbox.png; sourceTree = "<group>"; };
		EF55337F1983BA1000120FEA /* UniversitiesTableViewController.h */ = {isa = PBXFileReference; fileEncoding = 4; lastKnownFileType = sourcecode.c.h; path = UniversitiesTableViewController.h; sourceTree = "<group>"; };
		EF5533801983BA1000120FEA /* UniversitiesTableViewController.m */ = {isa = PBXFileReference; fileEncoding = 4; lastKnownFileType = sourcecode.c.objc; path = UniversitiesTableViewController.m; sourceTree = "<group>"; };
		EF5533811983BA1100120FEA /* UniversitiesTableViewController.xib */ = {isa = PBXFileReference; fileEncoding = 4; lastKnownFileType = file.xib; path = UniversitiesTableViewController.xib; sourceTree = "<group>"; };
		EF66F5C51988F0890048A82E /* AppIcon29x29.png */ = {isa = PBXFileReference; lastKnownFileType = image.png; path = AppIcon29x29.png; sourceTree = "<group>"; };
		EF66F5C61988F0890048A82E /* AppIcon29x29@2x.png */ = {isa = PBXFileReference; lastKnownFileType = image.png; path = "AppIcon29x29@2x.png"; sourceTree = "<group>"; };
		EF66F5C71988F0890048A82E /* AppIcon40x40.png */ = {isa = PBXFileReference; lastKnownFileType = image.png; path = AppIcon40x40.png; sourceTree = "<group>"; };
		EF66F5C81988F0890048A82E /* AppIcon40x40@2x.png */ = {isa = PBXFileReference; lastKnownFileType = image.png; path = "AppIcon40x40@2x.png"; sourceTree = "<group>"; };
		EF66F5C91988F0890048A82E /* AppIcon50x50.png */ = {isa = PBXFileReference; lastKnownFileType = image.png; path = AppIcon50x50.png; sourceTree = "<group>"; };
		EF66F5CA1988F0890048A82E /* AppIcon50x50@2x.png */ = {isa = PBXFileReference; lastKnownFileType = image.png; path = "AppIcon50x50@2x.png"; sourceTree = "<group>"; };
		EF66F5D11988F0DF0048A82E /* AppIcon57x57.png */ = {isa = PBXFileReference; lastKnownFileType = image.png; path = AppIcon57x57.png; sourceTree = "<group>"; };
		EF66F5D21988F0DF0048A82E /* AppIcon57x57@2x.png */ = {isa = PBXFileReference; lastKnownFileType = image.png; path = "AppIcon57x57@2x.png"; sourceTree = "<group>"; };
		EF66F5D31988F0DF0048A82E /* AppIcon60x60.png */ = {isa = PBXFileReference; lastKnownFileType = image.png; path = AppIcon60x60.png; sourceTree = "<group>"; };
		EF66F5D41988F0DF0048A82E /* AppIcon60x60@2x.png */ = {isa = PBXFileReference; lastKnownFileType = image.png; path = "AppIcon60x60@2x.png"; sourceTree = "<group>"; };
		EF66F5D91988F0E70048A82E /* AppIcon72x72.png */ = {isa = PBXFileReference; lastKnownFileType = image.png; path = AppIcon72x72.png; sourceTree = "<group>"; };
		EF66F5DA1988F0E70048A82E /* AppIcon72x72@2x.png */ = {isa = PBXFileReference; lastKnownFileType = image.png; path = "AppIcon72x72@2x.png"; sourceTree = "<group>"; };
		EF66F5DB1988F0E70048A82E /* AppIcon76x76.png */ = {isa = PBXFileReference; lastKnownFileType = image.png; path = AppIcon76x76.png; sourceTree = "<group>"; };
		EF66F5DC1988F0E70048A82E /* AppIcon76x76@2x.png */ = {isa = PBXFileReference; lastKnownFileType = image.png; path = "AppIcon76x76@2x.png"; sourceTree = "<group>"; };
		EF66F5DD1988F0E80048A82E /* iTunesArtwork.png */ = {isa = PBXFileReference; lastKnownFileType = image.png; path = iTunesArtwork.png; sourceTree = "<group>"; };
		EF66F5DE1988F0E80048A82E /* iTunesArtwork@2x.png */ = {isa = PBXFileReference; lastKnownFileType = image.png; path = "iTunesArtwork@2x.png"; sourceTree = "<group>"; };
		EF66F5E51988F1A10048A82E /* Default.png */ = {isa = PBXFileReference; lastKnownFileType = image.png; path = Default.png; sourceTree = "<group>"; };
		EF66F5E719891A8B0048A82E /* ui-14.png */ = {isa = PBXFileReference; lastKnownFileType = image.png; path = "ui-14.png"; sourceTree = "<group>"; };
		EF7F6F0A197E82C90009DB60 /* Favorites@2x.png */ = {isa = PBXFileReference; lastKnownFileType = image.png; path = "Favorites@2x.png"; sourceTree = "<group>"; };
		EF7F6F0C197E82D20009DB60 /* Happy_Face@2x.png */ = {isa = PBXFileReference; lastKnownFileType = image.png; path = "Happy_Face@2x.png"; sourceTree = "<group>"; };
		EF7F6F0E197E82F90009DB60 /* Top_Charts@2x.png */ = {isa = PBXFileReference; lastKnownFileType = image.png; path = "Top_Charts@2x.png"; sourceTree = "<group>"; };
		EF7F6F26197E87EA0009DB60 /* city_hall-32.png */ = {isa = PBXFileReference; lastKnownFileType = image.png; path = "city_hall-32.png"; sourceTree = "<group>"; };
		EF7F6F28197E880E0009DB60 /* info-32.png */ = {isa = PBXFileReference; lastKnownFileType = image.png; path = "info-32.png"; sourceTree = "<group>"; };
		EF7F6F2A197E886F0009DB60 /* student2-32.png */ = {isa = PBXFileReference; lastKnownFileType = image.png; path = "student2-32.png"; sourceTree = "<group>"; };
		EF7F6F2C197E887C0009DB60 /* talk-32.png */ = {isa = PBXFileReference; lastKnownFileType = image.png; path = "talk-32.png"; sourceTree = "<group>"; };
		EF7F6F3A197EAF510009DB60 /* UniGuideLogo.png */ = {isa = PBXFileReference; lastKnownFileType = image.png; path = UniGuideLogo.png; sourceTree = "<group>"; };
		EF7F6F41197EB7130009DB60 /* RightPanelViewController.h */ = {isa = PBXFileReference; fileEncoding = 4; lastKnownFileType = sourcecode.c.h; path = RightPanelViewController.h; sourceTree = "<group>"; };
		EF7F6F42197EB7130009DB60 /* RightPanelViewController.m */ = {isa = PBXFileReference; fileEncoding = 4; lastKnownFileType = sourcecode.c.objc; path = RightPanelViewController.m; sourceTree = "<group>"; };
		EF7F6F43197EB7130009DB60 /* RightPanelViewController.xib */ = {isa = PBXFileReference; fileEncoding = 4; lastKnownFileType = file.xib; path = RightPanelViewController.xib; sourceTree = "<group>"; };
		EF7F6F4E197EEA690009DB60 /* OpenDaysTableViewController.h */ = {isa = PBXFileReference; fileEncoding = 4; lastKnownFileType = sourcecode.c.h; path = OpenDaysTableViewController.h; sourceTree = "<group>"; };
		EF7F6F4F197EEA690009DB60 /* OpenDaysTableViewController.m */ = {isa = PBXFileReference; fileEncoding = 4; lastKnownFileType = sourcecode.c.objc; path = OpenDaysTableViewController.m; sourceTree = "<group>"; };
		EF7F6F50197EEA690009DB60 /* OpenDaysTableViewController.xib */ = {isa = PBXFileReference; fileEncoding = 4; lastKnownFileType = file.xib; path = OpenDaysTableViewController.xib; sourceTree = "<group>"; };
		EF7F6F53197FA9340009DB60 /* University.h */ = {isa = PBXFileReference; fileEncoding = 4; lastKnownFileType = sourcecode.c.h; path = University.h; sourceTree = "<group>"; };
		EF7F6F54197FA9340009DB60 /* University.m */ = {isa = PBXFileReference; fileEncoding = 4; lastKnownFileType = sourcecode.c.objc; path = University.m; sourceTree = "<group>"; };
		EF7F6F61197FECF70009DB60 /* OpenDaysUniversityPageTableViewController.h */ = {isa = PBXFileReference; fileEncoding = 4; lastKnownFileType = sourcecode.c.h; path = OpenDaysUniversityPageTableViewController.h; sourceTree = "<group>"; };
		EF7F6F62197FECF70009DB60 /* OpenDaysUniversityPageTableViewController.m */ = {isa = PBXFileReference; fileEncoding = 4; lastKnownFileType = sourcecode.c.objc; path = OpenDaysUniversityPageTableViewController.m; sourceTree = "<group>"; };
		EF7F6F63197FECF70009DB60 /* OpenDaysUniversityPageTableViewController.xib */ = {isa = PBXFileReference; fileEncoding = 4; lastKnownFileType = file.xib; path = OpenDaysUniversityPageTableViewController.xib; sourceTree = "<group>"; };
		EF7F6F66197FF0C90009DB60 /* electric_megaphone-32.png */ = {isa = PBXFileReference; lastKnownFileType = image.png; path = "electric_megaphone-32.png"; sourceTree = "<group>"; };
		EF7F6F68197FF0E30009DB60 /* idea-32.png */ = {isa = PBXFileReference; lastKnownFileType = image.png; name = "idea-32.png"; path = "../../../../Downloads/iOS7_icons/PNG/32/Very_Basic/idea-32.png"; sourceTree = "<group>"; };
		EF7F6F6A197FF2500009DB60 /* directions-32.png */ = {isa = PBXFileReference; lastKnownFileType = image.png; path = "directions-32.png"; sourceTree = "<group>"; };
		EF7F6F6D197FF2EC0009DB60 /* today-32.png */ = {isa = PBXFileReference; lastKnownFileType = image.png; path = "today-32.png"; sourceTree = "<group>"; };
		EF7F6F70197FF45A0009DB60 /* courses-32.png */ = {isa = PBXFileReference; lastKnownFileType = image.png; path = "courses-32.png"; sourceTree = "<group>"; };
		EF7F6F72197FF4E10009DB60 /* calendar-32.png */ = {isa = PBXFileReference; lastKnownFileType = image.png; path = "calendar-32.png"; sourceTree = "<group>"; };
		EF7F6F7E19804D810009DB60 /* AddReviewViewController.h */ = {isa = PBXFileReference; fileEncoding = 4; lastKnownFileType = sourcecode.c.h; path = AddReviewViewController.h; sourceTree = "<group>"; };
		EF7F6F7F19804D810009DB60 /* AddReviewViewController.m */ = {isa = PBXFileReference; fileEncoding = 4; lastKnownFileType = sourcecode.c.objc; path = AddReviewViewController.m; sourceTree = "<group>"; };
		EF7F6F8019804D810009DB60 /* AddReviewViewController.xib */ = {isa = PBXFileReference; fileEncoding = 4; lastKnownFileType = file.xib; path = AddReviewViewController.xib; sourceTree = "<group>"; };
		EF7F6F8319804D940009DB60 /* ReviewComplaintViewController.h */ = {isa = PBXFileReference; fileEncoding = 4; lastKnownFileType = sourcecode.c.h; path = ReviewComplaintViewController.h; sourceTree = "<group>"; };
		EF7F6F8419804D940009DB60 /* ReviewComplaintViewController.m */ = {isa = PBXFileReference; fileEncoding = 4; lastKnownFileType = sourcecode.c.objc; path = ReviewComplaintViewController.m; sourceTree = "<group>"; };
		EF7F6F8519804D940009DB60 /* ReviewComplaintViewController.xib */ = {isa = PBXFileReference; fileEncoding = 4; lastKnownFileType = file.xib; path = ReviewComplaintViewController.xib; sourceTree = "<group>"; };
		EF7F6F89198063570009DB60 /* SpecificOpenDayViewController.h */ = {isa = PBXFileReference; fileEncoding = 4; lastKnownFileType = sourcecode.c.h; path = SpecificOpenDayViewController.h; sourceTree = "<group>"; };
		EF7F6F8A198063570009DB60 /* SpecificOpenDayViewController.m */ = {isa = PBXFileReference; fileEncoding = 4; lastKnownFileType = sourcecode.c.objc; path = SpecificOpenDayViewController.m; sourceTree = "<group>"; };
		EF7F6F8B198063570009DB60 /* SpecificOpenDayViewController.xib */ = {isa = PBXFileReference; fileEncoding = 4; lastKnownFileType = file.xib; path = SpecificOpenDayViewController.xib; sourceTree = "<group>"; };
		EF7F6F8E1980F9D20009DB60 /* Parse.framework */ = {isa = PBXFileReference; lastKnownFileType = wrapper.framework; path = Parse.framework; sourceTree = "<group>"; };
		EF7F6F901980FA200009DB60 /* AudioToolbox.framework */ = {isa = PBXFileReference; lastKnownFileType = wrapper.framework; name = AudioToolbox.framework; path = System/Library/Frameworks/AudioToolbox.framework; sourceTree = SDKROOT; };
		EF7F6F911980FA200009DB60 /* CFNetwork.framework */ = {isa = PBXFileReference; lastKnownFileType = wrapper.framework; name = CFNetwork.framework; path = System/Library/Frameworks/CFNetwork.framework; sourceTree = SDKROOT; };
		EF7F6F921980FA200009DB60 /* CoreLocation.framework */ = {isa = PBXFileReference; lastKnownFileType = wrapper.framework; name = CoreLocation.framework; path = System/Library/Frameworks/CoreLocation.framework; sourceTree = SDKROOT; };
		EF7F6F931980FA200009DB60 /* libz.dylib */ = {isa = PBXFileReference; lastKnownFileType = "compiled.mach-o.dylib"; name = libz.dylib; path = usr/lib/libz.dylib; sourceTree = SDKROOT; };
		EF7F6F941980FA200009DB60 /* MobileCoreServices.framework */ = {isa = PBXFileReference; lastKnownFileType = wrapper.framework; name = MobileCoreServices.framework; path = System/Library/Frameworks/MobileCoreServices.framework; sourceTree = SDKROOT; };
		EF7F6F951980FA200009DB60 /* QuartzCore.framework */ = {isa = PBXFileReference; lastKnownFileType = wrapper.framework; name = QuartzCore.framework; path = System/Library/Frameworks/QuartzCore.framework; sourceTree = SDKROOT; };
		EF7F6F961980FA200009DB60 /* Security.framework */ = {isa = PBXFileReference; lastKnownFileType = wrapper.framework; name = Security.framework; path = System/Library/Frameworks/Security.framework; sourceTree = SDKROOT; };
		EF7F6F971980FA200009DB60 /* StoreKit.framework */ = {isa = PBXFileReference; lastKnownFileType = wrapper.framework; name = StoreKit.framework; path = System/Library/Frameworks/StoreKit.framework; sourceTree = SDKROOT; };
		EF7F6F981980FA200009DB60 /* SystemConfiguration.framework */ = {isa = PBXFileReference; lastKnownFileType = wrapper.framework; name = SystemConfiguration.framework; path = System/Library/Frameworks/SystemConfiguration.framework; sourceTree = SDKROOT; };
		EF8B1160198811BB0011D746 /* MapKit.framework */ = {isa = PBXFileReference; lastKnownFileType = wrapper.framework; name = MapKit.framework; path = System/Library/Frameworks/MapKit.framework; sourceTree = SDKROOT; };
		EFF5C0651987905A00E87159 /* CourseListTableViewController.h */ = {isa = PBXFileReference; fileEncoding = 4; lastKnownFileType = sourcecode.c.h; path = CourseListTableViewController.h; sourceTree = "<group>"; };
		EFF5C0661987905A00E87159 /* CourseListTableViewController.m */ = {isa = PBXFileReference; fileEncoding = 4; lastKnownFileType = sourcecode.c.objc; path = CourseListTableViewController.m; sourceTree = "<group>"; };
		EFF5C0671987905A00E87159 /* CourseListTableViewController.xib */ = {isa = PBXFileReference; fileEncoding = 4; lastKnownFileType = file.xib; path = CourseListTableViewController.xib; sourceTree = "<group>"; };
/* End PBXFileReference section */

/* Begin PBXFrameworksBuildPhase section */
		A4C6C891197AD22F0065311C /* Frameworks */ = {
			isa = PBXFrameworksBuildPhase;
			buildActionMask = 2147483647;
			files = (
				EF8B1161198811BB0011D746 /* MapKit.framework in Frameworks */,
				EF7F6F991980FA200009DB60 /* AudioToolbox.framework in Frameworks */,
				EF7F6F9A1980FA200009DB60 /* CFNetwork.framework in Frameworks */,
				EF7F6F9B1980FA200009DB60 /* CoreLocation.framework in Frameworks */,
				EF7F6F9C1980FA200009DB60 /* libz.dylib in Frameworks */,
				EF7F6F9D1980FA200009DB60 /* MobileCoreServices.framework in Frameworks */,
				EF7F6F9E1980FA200009DB60 /* QuartzCore.framework in Frameworks */,
				EF7F6F9F1980FA200009DB60 /* Security.framework in Frameworks */,
				EF7F6FA01980FA200009DB60 /* StoreKit.framework in Frameworks */,
				EF7F6FA11980FA200009DB60 /* SystemConfiguration.framework in Frameworks */,
				A4C6C89A197AD22F0065311C /* CoreGraphics.framework in Frameworks */,
				A4C6C89C197AD22F0065311C /* UIKit.framework in Frameworks */,
				EF7F6F8F1980F9D20009DB60 /* Parse.framework in Frameworks */,
				A4C6C898197AD22F0065311C /* Foundation.framework in Frameworks */,
			);
			runOnlyForDeploymentPostprocessing = 0;
		};
		A4C6C8AC197AD22F0065311C /* Frameworks */ = {
			isa = PBXFrameworksBuildPhase;
			buildActionMask = 2147483647;
			files = (
				A4C6C8B1197AD22F0065311C /* XCTest.framework in Frameworks */,
				A4C6C8B3197AD22F0065311C /* UIKit.framework in Frameworks */,
				A4C6C8B2197AD22F0065311C /* Foundation.framework in Frameworks */,
			);
			runOnlyForDeploymentPostprocessing = 0;
		};
/* End PBXFrameworksBuildPhase section */

/* Begin PBXGroup section */
		A4C6C88B197AD22F0065311C = {
			isa = PBXGroup;
			children = (
				A4C6C89D197AD22F0065311C /* UniGuide */,
				A4C6C8B6197AD22F0065311C /* UniGuideTests */,
				A4C6C896197AD22F0065311C /* Frameworks */,
				A4C6C895197AD22F0065311C /* Products */,
			);
			sourceTree = "<group>";
		};
		A4C6C895197AD22F0065311C /* Products */ = {
			isa = PBXGroup;
			children = (
				A4C6C894197AD22F0065311C /* UniGuide.app */,
				A4C6C8AF197AD22F0065311C /* UniGuideTests.xctest */,
			);
			name = Products;
			sourceTree = "<group>";
		};
		A4C6C896197AD22F0065311C /* Frameworks */ = {
			isa = PBXGroup;
			children = (
				EF8B1160198811BB0011D746 /* MapKit.framework */,
				EF7F6F901980FA200009DB60 /* AudioToolbox.framework */,
				EF7F6F911980FA200009DB60 /* CFNetwork.framework */,
				EF7F6F921980FA200009DB60 /* CoreLocation.framework */,
				EF7F6F931980FA200009DB60 /* libz.dylib */,
				EF7F6F941980FA200009DB60 /* MobileCoreServices.framework */,
				EF7F6F951980FA200009DB60 /* QuartzCore.framework */,
				EF7F6F961980FA200009DB60 /* Security.framework */,
				EF7F6F971980FA200009DB60 /* StoreKit.framework */,
				EF7F6F981980FA200009DB60 /* SystemConfiguration.framework */,
				EF7F6F8E1980F9D20009DB60 /* Parse.framework */,
				A4C6C897197AD22F0065311C /* Foundation.framework */,
				A4C6C899197AD22F0065311C /* CoreGraphics.framework */,
				A4C6C89B197AD22F0065311C /* UIKit.framework */,
				A4C6C8B0197AD22F0065311C /* XCTest.framework */,
			);
			name = Frameworks;
			sourceTree = "<group>";
		};
		A4C6C89D197AD22F0065311C /* UniGuide */ = {
			isa = PBXGroup;
			children = (
				A4C6C8A6197AD22F0065311C /* AppDelegate.h */,
				A4C6C8A7197AD22F0065311C /* AppDelegate.m */,
				A4C6C8C6197AD3630065311C /* MainMenuViewController.h */,
				A4C6C8C7197AD3630065311C /* MainMenuViewController.m */,
				A4C6C8C8197AD3630065311C /* MainMenuViewController.xib */,
				EF7F6F46197EE5CE0009DB60 /* Search/Discover Function */,
				EF7F6F4B197EE66B0009DB60 /* Favourites Function */,
				EF7F6F49197EE6450009DB60 /* Open Days Function */,
				EF7F6F4C197EE69F0009DB60 /* Universities Function */,
				A4C6C92E197BC9CC0065311C /* Courses.h */,
				A4C6C92F197BC9CC0065311C /* Courses.m */,
				A4C6C955197C74610065311C /* OpenDays.h */,
				A4C6C956197C74610065311C /* OpenDays.m */,
				EF7F6F53197FA9340009DB60 /* University.h */,
				EF7F6F54197FA9340009DB60 /* University.m */,
				A4C6C8A9197AD22F0065311C /* Images.xcassets */,
				A4C6C89E197AD22F0065311C /* Supporting Files */,
			);
			path = UniGuide;
			sourceTree = "<group>";
		};
		A4C6C89E197AD22F0065311C /* Supporting Files */ = {
			isa = PBXGroup;
			children = (
				EF66F5E719891A8B0048A82E /* ui-14.png */,
				EF66F5E51988F1A10048A82E /* Default.png */,
				EF66F5C51988F0890048A82E /* AppIcon29x29.png */,
				EF66F5C61988F0890048A82E /* AppIcon29x29@2x.png */,
				EF66F5C71988F0890048A82E /* AppIcon40x40.png */,
				EF66F5C81988F0890048A82E /* AppIcon40x40@2x.png */,
				EF66F5C91988F0890048A82E /* AppIcon50x50.png */,
				EF66F5CA1988F0890048A82E /* AppIcon50x50@2x.png */,
				EF66F5D11988F0DF0048A82E /* AppIcon57x57.png */,
				EF66F5D21988F0DF0048A82E /* AppIcon57x57@2x.png */,
				EF66F5D31988F0DF0048A82E /* AppIcon60x60.png */,
				EF66F5D41988F0DF0048A82E /* AppIcon60x60@2x.png */,
				EF66F5D91988F0E70048A82E /* AppIcon72x72.png */,
				EF66F5DA1988F0E70048A82E /* AppIcon72x72@2x.png */,
				EF66F5DB1988F0E70048A82E /* AppIcon76x76.png */,
				EF66F5DC1988F0E70048A82E /* AppIcon76x76@2x.png */,
				EF66F5DD1988F0E80048A82E /* iTunesArtwork.png */,
				EF66F5DE1988F0E80048A82E /* iTunesArtwork@2x.png */,
				EF5533761981AA0D00120FEA /* checked_checkbox.png */,
				EF5533781981AA1400120FEA /* unchecked_checkbox.png */,
				EF7F6F0E197E82F90009DB60 /* Top_Charts@2x.png */,
				EF7F6F2C197E887C0009DB60 /* talk-32.png */,
				EF7F6F28197E880E0009DB60 /* info-32.png */,
				EF7F6F6A197FF2500009DB60 /* directions-32.png */,
				EF7F6F70197FF45A0009DB60 /* courses-32.png */,
				EF7F6F72197FF4E10009DB60 /* calendar-32.png */,
				EF7F6F68197FF0E30009DB60 /* idea-32.png */,
				EF7F6F6D197FF2EC0009DB60 /* today-32.png */,
				EF7F6F66197FF0C90009DB60 /* electric_megaphone-32.png */,
				EF7F6F26197E87EA0009DB60 /* city_hall-32.png */,
				EF7F6F2A197E886F0009DB60 /* student2-32.png */,
				EF7F6F0C197E82D20009DB60 /* Happy_Face@2x.png */,
				EF7F6F3A197EAF510009DB60 /* UniGuideLogo.png */,
				EF7F6F0A197E82C90009DB60 /* Favorites@2x.png */,
				A4C6C933197BF7670065311C /* favouritesButton.png */,
				A4C6C935197BF8050065311C /* favouritesButtonSelected.png */,
				A4C6C89F197AD22F0065311C /* UniGuide-Info.plist */,
				A4C6C8A0197AD22F0065311C /* InfoPlist.strings */,
				A4C6C8A3197AD22F0065311C /* main.m */,
				A4C6C8A5197AD22F0065311C /* UniGuide-Prefix.pch */,
			);
			name = "Supporting Files";
			sourceTree = "<group>";
		};
		A4C6C8B6197AD22F0065311C /* UniGuideTests */ = {
			isa = PBXGroup;
			children = (
				A4C6C8BC197AD22F0065311C /* UniGuideTests.m */,
				A4C6C8B7197AD22F0065311C /* Supporting Files */,
			);
			path = UniGuideTests;
			sourceTree = "<group>";
		};
		A4C6C8B7197AD22F0065311C /* Supporting Files */ = {
			isa = PBXGroup;
			children = (
				A4C6C8B8197AD22F0065311C /* UniGuideTests-Info.plist */,
				A4C6C8B9197AD22F0065311C /* InfoPlist.strings */,
			);
			name = "Supporting Files";
			sourceTree = "<group>";
		};
		EF55332B1981509300120FEA /* FilterFunction */ = {
			isa = PBXGroup;
			children = (
				EF7F6F41197EB7130009DB60 /* RightPanelViewController.h */,
				EF7F6F42197EB7130009DB60 /* RightPanelViewController.m */,
				EF7F6F43197EB7130009DB60 /* RightPanelViewController.xib */,
				EF5533261981508B00120FEA /* SortFilterViewController.h */,
				EF5533271981508B00120FEA /* SortFilterViewController.m */,
				EF5533281981508B00120FEA /* SortFilterViewController.xib */,
				EF55332C198150C300120FEA /* FilterTableViewController.h */,
				EF55332D198150C300120FEA /* FilterTableViewController.m */,
				EF55332E198150C300120FEA /* FilterTableViewController.xib */,
			);
			name = FilterFunction;
			sourceTree = "<group>";
		};
		EF7F6F46197EE5CE0009DB60 /* Search/Discover Function */ = {
			isa = PBXGroup;
			children = (
				A4C6C8CB197AD78F0065311C /* SearchViewController.h */,
				A4C6C8CC197AD78F0065311C /* SearchViewController.m */,
				A4C6C8CD197AD78F0065311C /* SearchViewController.xib */,
				A4C6C915197AF49A0065311C /* DiscoverViewController.h */,
				A4C6C916197AF49A0065311C /* DiscoverViewController.m */,
				A4C6C917197AF49A0065311C /* DiscoverViewController.xib */,
				A4C6C910197AF1400065311C /* SearchResultsTableViewController.h */,
				A4C6C911197AF1400065311C /* SearchResultsTableViewController.m */,
				A4C6C912197AF1400065311C /* SearchResultsTableViewController.xib */,
				EF55332B1981509300120FEA /* FilterFunction */,
				EF7F6F48197EE6230009DB60 /* CoursePageTabBars */,
			);
			name = "Search/Discover Function";
			sourceTree = "<group>";
		};
		EF7F6F48197EE6230009DB60 /* CoursePageTabBars */ = {
			isa = PBXGroup;
			children = (
				A4C6C91A197AF6D80065311C /* CourseInfoCoursePageViewController.h */,
				A4C6C91B197AF6D80065311C /* CourseInfoCoursePageViewController.m */,
				A4C6C91C197AF6D80065311C /* CourseInfoCoursePageViewController.xib */,
				A4C6C91F197AF6E70065311C /* StudentSatisfactionCoursePageViewController.h */,
				A4C6C920197AF6E70065311C /* StudentSatisfactionCoursePageViewController.m */,
				A4C6C921197AF6E70065311C /* StudentSatisfactionCoursePageViewController.xib */,
				A4C6C924197AF6F40065311C /* ReviewsCoursePageViewController.h */,
				A4C6C925197AF6F40065311C /* ReviewsCoursePageViewController.m */,
				A4C6C926197AF6F40065311C /* ReviewsCoursePageViewController.xib */,
				A4C6C929197AF7000065311C /* UniInfoCoursePageViewController.h */,
				A4C6C92A197AF7000065311C /* UniInfoCoursePageViewController.m */,
				A4C6C92B197AF7000065311C /* UniInfoCoursePageViewController.xib */,
				EF7F6F8819804D980009DB60 /* ReviewFunctions */,
			);
			name = CoursePageTabBars;
			sourceTree = "<group>";
		};
		EF7F6F49197EE6450009DB60 /* Open Days Function */ = {
			isa = PBXGroup;
			children = (
				EF7F6F4E197EEA690009DB60 /* OpenDaysTableViewController.h */,
				EF7F6F4F197EEA690009DB60 /* OpenDaysTableViewController.m */,
				EF7F6F50197EEA690009DB60 /* OpenDaysTableViewController.xib */,
				EF7F6F89198063570009DB60 /* SpecificOpenDayViewController.h */,
				EF7F6F8A198063570009DB60 /* SpecificOpenDayViewController.m */,
				EF7F6F8B198063570009DB60 /* SpecificOpenDayViewController.xib */,
			);
			name = "Open Days Function";
			sourceTree = "<group>";
		};
		EF7F6F4B197EE66B0009DB60 /* Favourites Function */ = {
			isa = PBXGroup;
			children = (
				A4C6C946197C64890065311C /* FavouritesTableViewController.h */,
				A4C6C947197C64890065311C /* FavouritesTableViewController.m */,
				A4C6C948197C64890065311C /* FavouritesTableViewController.xib */,
			);
			name = "Favourites Function";
			sourceTree = "<group>";
		};
		EF7F6F4C197EE69F0009DB60 /* Universities Function */ = {
			isa = PBXGroup;
			children = (
				EF55337F1983BA1000120FEA /* UniversitiesTableViewController.h */,
				EF5533801983BA1000120FEA /* UniversitiesTableViewController.m */,
				EF5533811983BA1100120FEA /* UniversitiesTableViewController.xib */,
				EF7F6F4D197EEA120009DB60 /* UniversityTabBarPages */,
			);
			name = "Universities Function";
			sourceTree = "<group>";
		};
		EF7F6F4D197EEA120009DB60 /* UniversityTabBarPages */ = {
			isa = PBXGroup;
			children = (
				A4C6C941197BF8C80065311C /* ContactUniversityPageViewController.h */,
				A4C6C942197BF8C80065311C /* ContactUniversityPageViewController.m */,
				A4C6C943197BF8C80065311C /* ContactUniversityPageViewController.xib */,
				EFF5C0651987905A00E87159 /* CourseListTableViewController.h */,
				EFF5C0661987905A00E87159 /* CourseListTableViewController.m */,
				EFF5C0671987905A00E87159 /* CourseListTableViewController.xib */,
				EF7F6F61197FECF70009DB60 /* OpenDaysUniversityPageTableViewController.h */,
				EF7F6F62197FECF70009DB60 /* OpenDaysUniversityPageTableViewController.m */,
				EF7F6F63197FECF70009DB60 /* OpenDaysUniversityPageTableViewController.xib */,
			);
			name = UniversityTabBarPages;
			sourceTree = "<group>";
		};
		EF7F6F8819804D980009DB60 /* ReviewFunctions */ = {
			isa = PBXGroup;
			children = (
				EF7F6F7E19804D810009DB60 /* AddReviewViewController.h */,
				EF7F6F7F19804D810009DB60 /* AddReviewViewController.m */,
				EF7F6F8019804D810009DB60 /* AddReviewViewController.xib */,
				EF7F6F8319804D940009DB60 /* ReviewComplaintViewController.h */,
				EF7F6F8419804D940009DB60 /* ReviewComplaintViewController.m */,
				EF7F6F8519804D940009DB60 /* ReviewComplaintViewController.xib */,
			);
			name = ReviewFunctions;
			sourceTree = "<group>";
		};
/* End PBXGroup section */

/* Begin PBXNativeTarget section */
		A4C6C893197AD22F0065311C /* UniGuide */ = {
			isa = PBXNativeTarget;
			buildConfigurationList = A4C6C8C0197AD22F0065311C /* Build configuration list for PBXNativeTarget "UniGuide" */;
			buildPhases = (
				A4C6C890197AD22F0065311C /* Sources */,
				A4C6C891197AD22F0065311C /* Frameworks */,
				A4C6C892197AD22F0065311C /* Resources */,
			);
			buildRules = (
			);
			dependencies = (
			);
			name = UniGuide;
			productName = UniGuide;
			productReference = A4C6C894197AD22F0065311C /* UniGuide.app */;
			productType = "com.apple.product-type.application";
		};
		A4C6C8AE197AD22F0065311C /* UniGuideTests */ = {
			isa = PBXNativeTarget;
			buildConfigurationList = A4C6C8C3197AD22F0065311C /* Build configuration list for PBXNativeTarget "UniGuideTests" */;
			buildPhases = (
				A4C6C8AB197AD22F0065311C /* Sources */,
				A4C6C8AC197AD22F0065311C /* Frameworks */,
				A4C6C8AD197AD22F0065311C /* Resources */,
			);
			buildRules = (
			);
			dependencies = (
				A4C6C8B5197AD22F0065311C /* PBXTargetDependency */,
			);
			name = UniGuideTests;
			productName = UniGuideTests;
			productReference = A4C6C8AF197AD22F0065311C /* UniGuideTests.xctest */;
			productType = "com.apple.product-type.bundle.unit-test";
		};
/* End PBXNativeTarget section */

/* Begin PBXProject section */
		A4C6C88C197AD22F0065311C /* Project object */ = {
			isa = PBXProject;
			attributes = {
				LastUpgradeCheck = 0510;
				ORGANIZATIONNAME = ATsaptsinos;
				TargetAttributes = {
					A4C6C893197AD22F0065311C = {
						DevelopmentTeam = 5QH4J4Z4KK;
					};
					A4C6C8AE197AD22F0065311C = {
						TestTargetID = A4C6C893197AD22F0065311C;
					};
				};
			};
			buildConfigurationList = A4C6C88F197AD22F0065311C /* Build configuration list for PBXProject "UniGuide" */;
			compatibilityVersion = "Xcode 3.2";
			developmentRegion = English;
			hasScannedForEncodings = 0;
			knownRegions = (
				en,
			);
			mainGroup = A4C6C88B197AD22F0065311C;
			productRefGroup = A4C6C895197AD22F0065311C /* Products */;
			projectDirPath = "";
			projectRoot = "";
			targets = (
				A4C6C893197AD22F0065311C /* UniGuide */,
				A4C6C8AE197AD22F0065311C /* UniGuideTests */,
			);
		};
/* End PBXProject section */

/* Begin PBXResourcesBuildPhase section */
		A4C6C892197AD22F0065311C /* Resources */ = {
			isa = PBXResourcesBuildPhase;
			buildActionMask = 2147483647;
			files = (
				EF7F6F73197FF4E10009DB60 /* calendar-32.png in Resources */,
				A4C6C928197AF6F40065311C /* ReviewsCoursePageViewController.xib in Resources */,
				EFF5C0691987905A00E87159 /* CourseListTableViewController.xib in Resources */,
				EF66F5CF1988F0890048A82E /* AppIcon50x50.png in Resources */,
				EF7F6F6B197FF2500009DB60 /* directions-32.png in Resources */,
				EF553330198150C400120FEA /* FilterTableViewController.xib in Resources */,
				EF66F5E21988F0E80048A82E /* AppIcon76x76@2x.png in Resources */,
				EF7F6F27197E87EA0009DB60 /* city_hall-32.png in Resources */,
				EF7F6F45197EB7130009DB60 /* RightPanelViewController.xib in Resources */,
				EF7F6F71197FF45A0009DB60 /* courses-32.png in Resources */,
				EF7F6F8D198063570009DB60 /* SpecificOpenDayViewController.xib in Resources */,
				EF66F5D01988F0890048A82E /* AppIcon50x50@2x.png in Resources */,
				EF66F5E41988F0E80048A82E /* iTunesArtwork@2x.png in Resources */,
				EF5533831983BA1100120FEA /* UniversitiesTableViewController.xib in Resources */,
				EF66F5D51988F0DF0048A82E /* AppIcon57x57.png in Resources */,
				EF66F5CB1988F0890048A82E /* AppIcon29x29.png in Resources */,
				EF7F6F0D197E82D20009DB60 /* Happy_Face@2x.png in Resources */,
				EF7F6F3B197EAF510009DB60 /* UniGuideLogo.png in Resources */,
				A4C6C914197AF1400065311C /* SearchResultsTableViewController.xib in Resources */,
				EF55332A1981508B00120FEA /* SortFilterViewController.xib in Resources */,
				EF66F5D81988F0DF0048A82E /* AppIcon60x60@2x.png in Resources */,
				A4C6C91E197AF6D80065311C /* CourseInfoCoursePageViewController.xib in Resources */,
				EF66F5E11988F0E80048A82E /* AppIcon76x76.png in Resources */,
				EF7F6F8719804D940009DB60 /* ReviewComplaintViewController.xib in Resources */,
				A4C6C94A197C64890065311C /* FavouritesTableViewController.xib in Resources */,
				EF7F6F8219804D810009DB60 /* AddReviewViewController.xib in Resources */,
				EF7F6F67197FF0C90009DB60 /* electric_megaphone-32.png in Resources */,
				EF66F5D61988F0DF0048A82E /* AppIcon57x57@2x.png in Resources */,
				A4C6C92D197AF7000065311C /* UniInfoCoursePageViewController.xib in Resources */,
				EF7F6F65197FECF70009DB60 /* OpenDaysUniversityPageTableViewController.xib in Resources */,
				EF66F5E61988F1A10048A82E /* Default.png in Resources */,
				A4C6C919197AF49A0065311C /* DiscoverViewController.xib in Resources */,
				A4C6C945197BF8C80065311C /* ContactUniversityPageViewController.xib in Resources */,
				EF5533771981AA0D00120FEA /* checked_checkbox.png in Resources */,
				EF7F6F69197FF0E30009DB60 /* idea-32.png in Resources */,
				EF7F6F0F197E82F90009DB60 /* Top_Charts@2x.png in Resources */,
				A4C6C936197BF8050065311C /* favouritesButtonSelected.png in Resources */,
				A4C6C8A2197AD22F0065311C /* InfoPlist.strings in Resources */,
				A4C6C923197AF6E70065311C /* StudentSatisfactionCoursePageViewController.xib in Resources */,
				EF66F5E31988F0E80048A82E /* iTunesArtwork.png in Resources */,
				EF5533791981AA1400120FEA /* unchecked_checkbox.png in Resources */,
				EF7F6F29197E880E0009DB60 /* info-32.png in Resources */,
				A4C6C934197BF7670065311C /* favouritesButton.png in Resources */,
				A4C6C8CA197AD3630065311C /* MainMenuViewController.xib in Resources */,
				EF66F5E01988F0E80048A82E /* AppIcon72x72@2x.png in Resources */,
				A4C6C8CF197AD78F0065311C /* SearchViewController.xib in Resources */,
				EF66F5CE1988F0890048A82E /* AppIcon40x40@2x.png in Resources */,
				EF7F6F2D197E887C0009DB60 /* talk-32.png in Resources */,
				EF66F5CD1988F0890048A82E /* AppIcon40x40.png in Resources */,
				EF7F6F0B197E82C90009DB60 /* Favorites@2x.png in Resources */,
				EF66F5CC1988F0890048A82E /* AppIcon29x29@2x.png in Resources */,
				EF7F6F52197EEA690009DB60 /* OpenDaysTableViewController.xib in Resources */,
				A4C6C8AA197AD22F0065311C /* Images.xcassets in Resources */,
				EF7F6F2B197E886F0009DB60 /* student2-32.png in Resources */,
				EF66F5E819891A8B0048A82E /* ui-14.png in Resources */,
				EF7F6F6F197FF2EC0009DB60 /* today-32.png in Resources */,
				EF66F5D71988F0DF0048A82E /* AppIcon60x60.png in Resources */,
				EF66F5DF1988F0E80048A82E /* AppIcon72x72.png in Resources */,
			);
			runOnlyForDeploymentPostprocessing = 0;
		};
		A4C6C8AD197AD22F0065311C /* Resources */ = {
			isa = PBXResourcesBuildPhase;
			buildActionMask = 2147483647;
			files = (
				A4C6C8BB197AD22F0065311C /* InfoPlist.strings in Resources */,
			);
			runOnlyForDeploymentPostprocessing = 0;
		};
/* End PBXResourcesBuildPhase section */

/* Begin PBXSourcesBuildPhase section */
		A4C6C890197AD22F0065311C /* Sources */ = {
			isa = PBXSourcesBuildPhase;
			buildActionMask = 2147483647;
			files = (
				A4C6C8A8197AD22F0065311C /* AppDelegate.m in Sources */,
				A4C6C930197BC9CC0065311C /* Courses.m in Sources */,
				EF5533291981508B00120FEA /* SortFilterViewController.m in Sources */,
				A4C6C918197AF49A0065311C /* DiscoverViewController.m in Sources */,
				EF7F6F8C198063570009DB60 /* SpecificOpenDayViewController.m in Sources */,
				EF7F6F51197EEA690009DB60 /* OpenDaysTableViewController.m in Sources */,
				A4C6C913197AF1400065311C /* SearchResultsTableViewController.m in Sources */,
				A4C6C92C197AF7000065311C /* UniInfoCoursePageViewController.m in Sources */,
				A4C6C91D197AF6D80065311C /* CourseInfoCoursePageViewController.m in Sources */,
				A4C6C949197C64890065311C /* FavouritesTableViewController.m in Sources */,
				A4C6C922197AF6E70065311C /* StudentSatisfactionCoursePageViewController.m in Sources */,
				EF7F6F8619804D940009DB60 /* ReviewComplaintViewController.m in Sources */,
				A4C6C8C9197AD3630065311C /* MainMenuViewController.m in Sources */,
				EF7F6F55197FA9340009DB60 /* University.m in Sources */,
				A4C6C8CE197AD78F0065311C /* SearchViewController.m in Sources */,
				EFF5C0681987905A00E87159 /* CourseListTableViewController.m in Sources */,
				EF55332F198150C400120FEA /* FilterTableViewController.m in Sources */,
				A4C6C927197AF6F40065311C /* ReviewsCoursePageViewController.m in Sources */,
				EF5533821983BA1100120FEA /* UniversitiesTableViewController.m in Sources */,
				A4C6C944197BF8C80065311C /* ContactUniversityPageViewController.m in Sources */,
				A4C6C8A4197AD22F0065311C /* main.m in Sources */,
				EF7F6F44197EB7130009DB60 /* RightPanelViewController.m in Sources */,
				A4C6C957197C74610065311C /* OpenDays.m in Sources */,
				EF7F6F8119804D810009DB60 /* AddReviewViewController.m in Sources */,
				EF7F6F64197FECF70009DB60 /* OpenDaysUniversityPageTableViewController.m in Sources */,
			);
			runOnlyForDeploymentPostprocessing = 0;
		};
		A4C6C8AB197AD22F0065311C /* Sources */ = {
			isa = PBXSourcesBuildPhase;
			buildActionMask = 2147483647;
			files = (
				A4C6C8BD197AD22F0065311C /* UniGuideTests.m in Sources */,
			);
			runOnlyForDeploymentPostprocessing = 0;
		};
/* End PBXSourcesBuildPhase section */

/* Begin PBXTargetDependency section */
		A4C6C8B5197AD22F0065311C /* PBXTargetDependency */ = {
			isa = PBXTargetDependency;
			target = A4C6C893197AD22F0065311C /* UniGuide */;
			targetProxy = A4C6C8B4197AD22F0065311C /* PBXContainerItemProxy */;
		};
/* End PBXTargetDependency section */

/* Begin PBXVariantGroup section */
		A4C6C8A0197AD22F0065311C /* InfoPlist.strings */ = {
			isa = PBXVariantGroup;
			children = (
				A4C6C8A1197AD22F0065311C /* en */,
			);
			name = InfoPlist.strings;
			sourceTree = "<group>";
		};
		A4C6C8B9197AD22F0065311C /* InfoPlist.strings */ = {
			isa = PBXVariantGroup;
			children = (
				A4C6C8BA197AD22F0065311C /* en */,
			);
			name = InfoPlist.strings;
			sourceTree = "<group>";
		};
/* End PBXVariantGroup section */

/* Begin XCBuildConfiguration section */
		A4C6C8BE197AD22F0065311C /* Debug */ = {
			isa = XCBuildConfiguration;
			buildSettings = {
				ALWAYS_SEARCH_USER_PATHS = NO;
				CLANG_CXX_LANGUAGE_STANDARD = "gnu++0x";
				CLANG_CXX_LIBRARY = "libc++";
				CLANG_ENABLE_MODULES = YES;
				CLANG_ENABLE_OBJC_ARC = YES;
				CLANG_WARN_BOOL_CONVERSION = YES;
				CLANG_WARN_CONSTANT_CONVERSION = YES;
				CLANG_WARN_DIRECT_OBJC_ISA_USAGE = YES_ERROR;
				CLANG_WARN_EMPTY_BODY = YES;
				CLANG_WARN_ENUM_CONVERSION = YES;
				CLANG_WARN_INT_CONVERSION = YES;
				CLANG_WARN_OBJC_ROOT_CLASS = YES_ERROR;
				CLANG_WARN__DUPLICATE_METHOD_MATCH = YES;
				"CODE_SIGN_IDENTITY[sdk=iphoneos*]" = "iPhone Developer";
				COPY_PHASE_STRIP = NO;
				GCC_C_LANGUAGE_STANDARD = gnu99;
				GCC_DYNAMIC_NO_PIC = NO;
				GCC_OPTIMIZATION_LEVEL = 0;
				GCC_PREPROCESSOR_DEFINITIONS = (
					"DEBUG=1",
					"$(inherited)",
				);
				GCC_SYMBOLS_PRIVATE_EXTERN = NO;
				GCC_WARN_64_TO_32_BIT_CONVERSION = YES;
				GCC_WARN_ABOUT_RETURN_TYPE = YES_ERROR;
				GCC_WARN_UNDECLARED_SELECTOR = YES;
				GCC_WARN_UNINITIALIZED_AUTOS = YES_AGGRESSIVE;
				GCC_WARN_UNUSED_FUNCTION = YES;
				GCC_WARN_UNUSED_VARIABLE = YES;
				IPHONEOS_DEPLOYMENT_TARGET = 7.1;
				ONLY_ACTIVE_ARCH = YES;
				SDKROOT = iphoneos;
			};
			name = Debug;
		};
		A4C6C8BF197AD22F0065311C /* Release */ = {
			isa = XCBuildConfiguration;
			buildSettings = {
				ALWAYS_SEARCH_USER_PATHS = NO;
				CLANG_CXX_LANGUAGE_STANDARD = "gnu++0x";
				CLANG_CXX_LIBRARY = "libc++";
				CLANG_ENABLE_MODULES = YES;
				CLANG_ENABLE_OBJC_ARC = YES;
				CLANG_WARN_BOOL_CONVERSION = YES;
				CLANG_WARN_CONSTANT_CONVERSION = YES;
				CLANG_WARN_DIRECT_OBJC_ISA_USAGE = YES_ERROR;
				CLANG_WARN_EMPTY_BODY = YES;
				CLANG_WARN_ENUM_CONVERSION = YES;
				CLANG_WARN_INT_CONVERSION = YES;
				CLANG_WARN_OBJC_ROOT_CLASS = YES_ERROR;
				CLANG_WARN__DUPLICATE_METHOD_MATCH = YES;
				"CODE_SIGN_IDENTITY[sdk=iphoneos*]" = "iPhone Developer";
				COPY_PHASE_STRIP = YES;
				ENABLE_NS_ASSERTIONS = NO;
				GCC_C_LANGUAGE_STANDARD = gnu99;
				GCC_WARN_64_TO_32_BIT_CONVERSION = YES;
				GCC_WARN_ABOUT_RETURN_TYPE = YES_ERROR;
				GCC_WARN_UNDECLARED_SELECTOR = YES;
				GCC_WARN_UNINITIALIZED_AUTOS = YES_AGGRESSIVE;
				GCC_WARN_UNUSED_FUNCTION = YES;
				GCC_WARN_UNUSED_VARIABLE = YES;
				IPHONEOS_DEPLOYMENT_TARGET = 7.1;
				SDKROOT = iphoneos;
				VALIDATE_PRODUCT = YES;
			};
			name = Release;
		};
		A4C6C8C1197AD22F0065311C /* Debug */ = {
			isa = XCBuildConfiguration;
			buildSettings = {
				CODE_SIGN_IDENTITY = "iPhone Developer";
				FRAMEWORK_SEARCH_PATHS = (
					"$(inherited)",
					"$(PROJECT_DIR)",
				);
				GCC_PRECOMPILE_PREFIX_HEADER = YES;
				GCC_PREFIX_HEADER = "UniGuide/UniGuide-Prefix.pch";
				INFOPLIST_FILE = "UniGuide/UniGuide-Info.plist";
				IPHONEOS_DEPLOYMENT_TARGET = 7.0;
				PRODUCT_NAME = "$(TARGET_NAME)";
				WRAPPER_EXTENSION = app;
			};
			name = Debug;
		};
		A4C6C8C2197AD22F0065311C /* Release */ = {
			isa = XCBuildConfiguration;
			buildSettings = {
				CODE_SIGN_IDENTITY = "iPhone Developer";
				FRAMEWORK_SEARCH_PATHS = (
					"$(inherited)",
					"$(PROJECT_DIR)",
				);
				GCC_PRECOMPILE_PREFIX_HEADER = YES;
				GCC_PREFIX_HEADER = "UniGuide/UniGuide-Prefix.pch";
				INFOPLIST_FILE = "UniGuide/UniGuide-Info.plist";
				IPHONEOS_DEPLOYMENT_TARGET = 7.0;
				PRODUCT_NAME = "$(TARGET_NAME)";
				WRAPPER_EXTENSION = app;
			};
			name = Release;
		};
		A4C6C8C4197AD22F0065311C /* Debug */ = {
			isa = XCBuildConfiguration;
			buildSettings = {
				BUNDLE_LOADER = "$(BUILT_PRODUCTS_DIR)/UniGuide.app/UniGuide";
				FRAMEWORK_SEARCH_PATHS = (
					"$(SDKROOT)/Developer/Library/Frameworks",
					"$(inherited)",
					"$(DEVELOPER_FRAMEWORKS_DIR)",
				);
				GCC_PRECOMPILE_PREFIX_HEADER = YES;
				GCC_PREFIX_HEADER = "UniGuide/UniGuide-Prefix.pch";
				GCC_PREPROCESSOR_DEFINITIONS = (
					"DEBUG=1",
					"$(inherited)",
				);
				INFOPLIST_FILE = "UniGuideTests/UniGuideTests-Info.plist";
				PRODUCT_NAME = "$(TARGET_NAME)";
				TEST_HOST = "$(BUNDLE_LOADER)";
				WRAPPER_EXTENSION = xctest;
			};
			name = Debug;
		};
		A4C6C8C5197AD22F0065311C /* Release */ = {
			isa = XCBuildConfiguration;
			buildSettings = {
				BUNDLE_LOADER = "$(BUILT_PRODUCTS_DIR)/UniGuide.app/UniGuide";
				FRAMEWORK_SEARCH_PATHS = (
					"$(SDKROOT)/Developer/Library/Frameworks",
					"$(inherited)",
					"$(DEVELOPER_FRAMEWORKS_DIR)",
				);
				GCC_PRECOMPILE_PREFIX_HEADER = YES;
				GCC_PREFIX_HEADER = "UniGuide/UniGuide-Prefix.pch";
				INFOPLIST_FILE = "UniGuideTests/UniGuideTests-Info.plist";
				PRODUCT_NAME = "$(TARGET_NAME)";
				TEST_HOST = "$(BUNDLE_LOADER)";
				WRAPPER_EXTENSION = xctest;
			};
			name = Release;
		};
/* End XCBuildConfiguration section */

/* Begin XCConfigurationList section */
		A4C6C88F197AD22F0065311C /* Build configuration list for PBXProject "UniGuide" */ = {
			isa = XCConfigurationList;
			buildConfigurations = (
				A4C6C8BE197AD22F0065311C /* Debug */,
				A4C6C8BF197AD22F0065311C /* Release */,
			);
			defaultConfigurationIsVisible = 0;
			defaultConfigurationName = Release;
		};
		A4C6C8C0197AD22F0065311C /* Build configuration list for PBXNativeTarget "UniGuide" */ = {
			isa = XCConfigurationList;
			buildConfigurations = (
				A4C6C8C1197AD22F0065311C /* Debug */,
				A4C6C8C2197AD22F0065311C /* Release */,
			);
			defaultConfigurationIsVisible = 0;
			defaultConfigurationName = Release;
		};
		A4C6C8C3197AD22F0065311C /* Build configuration list for PBXNativeTarget "UniGuideTests" */ = {
			isa = XCConfigurationList;
			buildConfigurations = (
				A4C6C8C4197AD22F0065311C /* Debug */,
				A4C6C8C5197AD22F0065311C /* Release */,
			);
			defaultConfigurationIsVisible = 0;
			defaultConfigurationName = Release;
		};
/* End XCConfigurationList section */
	};
	rootObject = A4C6C88C197AD22F0065311C /* Project object */;
}
